
Microsoft Visual Studio Solution File, Format Version 12.00
# Visual Studio 15
VisualStudioVersion = 15.0.28307.271
MinimumVisualStudioVersion = 10.0.40219.1
Project("{9A19103F-16F7-4668-BE54-9A1E7A4F7556}") = "INSOLMIMARC.Academy.Webb", "INSOLMIMARC.Academy.Webb\INSOLMIMARC.Academy.Webb.csproj", "{03D64250-9F45-437C-9055-BECA973868DF}"
EndProject
Global
	GlobalSection(SolutionConfigurationPlatforms) = preSolution
		Debug|Any CPU = Debug|Any CPU
		Release|Any CPU = Release|Any CPU
	EndGlobalSection
	GlobalSection(ProjectConfigurationPlatforms) = postSolution
		{03D64250-9F45-437C-9055-BECA973868DF}.Debug|Any CPU.ActiveCfg = Debug|Any CPU
		{03D64250-9F45-437C-9055-BECA973868DF}.Debug|Any CPU.Build.0 = Debug|Any CPU
		{03D64250-9F45-437C-9055-BECA973868DF}.Release|Any CPU.ActiveCfg = Release|Any CPU
		{03D64250-9F45-437C-9055-BECA973868DF}.Release|Any CPU.Build.0 = Release|Any CPU
	EndGlobalSection
	GlobalSection(SolutionProperties) = preSolution
		HideSolutionNode = FALSE
	EndGlobalSection
	GlobalSection(ExtensibilityGlobals) = postSolution
		SolutionGuid = {4460EF7D-1654-470F-B60E-429921952F79}
	EndGlobalSection
EndGlobal
