
Microsoft Visual Studio Solution File, Format Version 12.00
# Visual Studio 15
VisualStudioVersion = 15.0.28307.271
MinimumVisualStudioVersion = 10.0.40219.1
Project("{9A19103F-16F7-4668-BE54-9A1E7A4F7556}") = "identity", "identity.csproj", "{91E3FA5A-3BE7-471F-A75D-23AF88D4C49C}"
EndProject
Global
	GlobalSection(SolutionConfigurationPlatforms) = preSolution
		Debug|Any CPU = Debug|Any CPU
		Release|Any CPU = Release|Any CPU
	EndGlobalSection
	GlobalSection(ProjectConfigurationPlatforms) = postSolution
		{91E3FA5A-3BE7-471F-A75D-23AF88D4C49C}.Debug|Any CPU.ActiveCfg = Debug|Any CPU
		{91E3FA5A-3BE7-471F-A75D-23AF88D4C49C}.Debug|Any CPU.Build.0 = Debug|Any CPU
		{91E3FA5A-3BE7-471F-A75D-23AF88D4C49C}.Release|Any CPU.ActiveCfg = Release|Any CPU
		{91E3FA5A-3BE7-471F-A75D-23AF88D4C49C}.Release|Any CPU.Build.0 = Release|Any CPU
	EndGlobalSection
	GlobalSection(SolutionProperties) = preSolution
		HideSolutionNode = FALSE
	EndGlobalSection
	GlobalSection(ExtensibilityGlobals) = postSolution
		SolutionGuid = {15C48F9D-9071-420A-A749-4EC19706D599}
	EndGlobalSection
EndGlobal
